
Microsoft Visual Studio Solution File, Format Version 12.00
# Visual Studio Version 16
VisualStudioVersion = 16.0.31424.327
MinimumVisualStudioVersion = 10.0.40219.1
Project("{FAE04EC0-301F-11D3-BF4B-00C04F79EFBC}") = "GraphPlayground", "GraphPlayground\GraphPlayground.csproj", "{B748DDC3-6B4C-432B-8981-85AC5D92B4A2}"
EndProject
Project("{FAE04EC0-301F-11D3-BF4B-00C04F79EFBC}") = "GraphLayoutLib", "GraphLayoutLib\GraphLayoutLib.csproj", "{2CCD0442-FB3F-4902-B5E2-0F7CD25078E3}"
EndProject
Global
	GlobalSection(SolutionConfigurationPlatforms) = preSolution
		Debug|Any CPU = Debug|Any CPU
		Release|Any CPU = Release|Any CPU
	EndGlobalSection
	GlobalSection(ProjectConfigurationPlatforms) = postSolution
		{B748DDC3-6B4C-432B-8981-85AC5D92B4A2}.Debug|Any CPU.ActiveCfg = Debug|Any CPU
		{B748DDC3-6B4C-432B-8981-85AC5D92B4A2}.Debug|Any CPU.Build.0 = Debug|Any CPU
		{B748DDC3-6B4C-432B-8981-85AC5D92B4A2}.Release|Any CPU.ActiveCfg = Release|Any CPU
		{B748DDC3-6B4C-432B-8981-85AC5D92B4A2}.Release|Any CPU.Build.0 = Release|Any CPU
		{2CCD0442-FB3F-4902-B5E2-0F7CD25078E3}.Debug|Any CPU.ActiveCfg = Debug|Any CPU
		{2CCD0442-FB3F-4902-B5E2-0F7CD25078E3}.Debug|Any CPU.Build.0 = Debug|Any CPU
		{2CCD0442-FB3F-4902-B5E2-0F7CD25078E3}.Release|Any CPU.ActiveCfg = Release|Any CPU
		{2CCD0442-FB3F-4902-B5E2-0F7CD25078E3}.Release|Any CPU.Build.0 = Release|Any CPU
	EndGlobalSection
	GlobalSection(SolutionProperties) = preSolution
		HideSolutionNode = FALSE
	EndGlobalSection
	GlobalSection(ExtensibilityGlobals) = postSolution
		SolutionGuid = {DA352672-7AF8-42B0-A553-465DF970E47D}
	EndGlobalSection
EndGlobal
