{
  "name": "json-rpc-protocol",
  "version": "1.0.0",
  "lockfileVersion": 1,
  "requires": true,
  "dependencies": {
    "message-framer": {
      "version": "1.0.2",
      "resolved": "https://registry.npmjs.org/message-framer/-/message-framer-1.0.2.tgz",
      "integrity": "sha512-YQTLQjQ9f5iuQq40jSqQbPpfEaf8V1O5nm3eTw7bLajpQ+brL6n+CDHENQRfOd8MDr4mHDYW4jOQUqhr1W0FnQ=="
    }
  }
}
